{
    "name": "tns-template-vue",
    "version": "3.2.0",
    "lockfileVersion": 1,
    "requires": true,
    "dependencies": {
        "vue-demi": {
            "version": "0.13.11",
            "resolved": "https://registry.npmjs.org/vue-demi/-/vue-demi-0.13.11.tgz",
            "integrity": "sha512-IR8HoEEGM65YY3ZJYAjMlKygDQn25D5ajNFNoKh9RSDMQtlzCxtfQjdQgv9jjK+m3377SsJXY8ysq8kLCZL25A=="
        },
        "vue-recaptcha": {
            "version": "2.0.3",
            "resolved": "https://registry.npmjs.org/vue-recaptcha/-/vue-recaptcha-2.0.3.tgz",
            "integrity": "sha512-Rz0kLIETUgmOrp7CxFvaFE65DkhKdWu4pteWOTt2i+yTajTHPqtyOW6DqTg0BvALWTm+WUvWVV7k5XXFijQnBw==",
            "requires": {
                "vue-demi": "^0.13.11"
            }
        },
        "vue3-recaptcha-v2": {
            "version": "1.0.1",
            "resolved": "https://registry.npmjs.org/vue3-recaptcha-v2/-/vue3-recaptcha-v2-1.0.1.tgz",
            "integrity": "sha512-nn7kcVTze/gRdb2kMEf9CAVpStXID+cKlt1tIWNR+K5OYER8cSfcm5Mz+9/w9gDgLTIdRPsGTiqssAD+L/4c/g=="
        }
    }
}
